
Microsoft Visual Studio Solution File, Format Version 12.00
# Visual Studio Version 17
VisualStudioVersion = 17.11.35219.272
MinimumVisualStudioVersion = 10.0.40219.1
Project("{FAE04EC0-301F-11D3-BF4B-00C04F79EFBC}") = "AtividadeSemLimitesLogica", "AtividadeSemLimitesLogica\AtividadeSemLimitesLogica.csproj", "{A96C43E8-7382-42EF-B6E6-94306B240B34}"
EndProject
Global
	GlobalSection(SolutionConfigurationPlatforms) = preSolution
		Debug|Any CPU = Debug|Any CPU
		Release|Any CPU = Release|Any CPU
	EndGlobalSection
	GlobalSection(ProjectConfigurationPlatforms) = postSolution
		{A96C43E8-7382-42EF-B6E6-94306B240B34}.Debug|Any CPU.ActiveCfg = Debug|Any CPU
		{A96C43E8-7382-42EF-B6E6-94306B240B34}.Debug|Any CPU.Build.0 = Debug|Any CPU
		{A96C43E8-7382-42EF-B6E6-94306B240B34}.Release|Any CPU.ActiveCfg = Release|Any CPU
		{A96C43E8-7382-42EF-B6E6-94306B240B34}.Release|Any CPU.Build.0 = Release|Any CPU
	EndGlobalSection
	GlobalSection(SolutionProperties) = preSolution
		HideSolutionNode = FALSE
	EndGlobalSection
	GlobalSection(ExtensibilityGlobals) = postSolution
		SolutionGuid = {8A57EF87-5DFE-435A-8BF4-3A9267CB9863}
	EndGlobalSection
EndGlobal
